
Microsoft Visual Studio Solution File, Format Version 12.00
# Visual Studio Version 17
VisualStudioVersion = 17.0.31903.59
MinimumVisualStudioVersion = 10.0.40219.1
Project("{2150E333-8FDC-42A3-9474-1A3956D46DE8}") = "src", "src", "{827E0CD3-B72D-47B6-A68D-7590B98EB39B}"
EndProject
Project("{FAE04EC0-301F-11D3-BF4B-00C04F79EFBC}") = "GamePlayerSystem.Core", "src\GamePlayerSystem.Core\GamePlayerSystem.Core.csproj", "{C35A23DB-7420-464A-97A9-00182A4F0F67}"
EndProject
Project("{FAE04EC0-301F-11D3-BF4B-00C04F79EFBC}") = "GamePlayerSystem.Api", "src\GamePlayerSystem.Api\GamePlayerSystem.Api.csproj", "{11E4F8F6-0F72-4D77-B3D2-E9C3ACB3F26E}"
EndProject
Project("{2150E333-8FDC-42A3-9474-1A3956D46DE8}") = "tests", "tests", "{0AB3BF05-4346-4AA6-1389-037BE0695223}"
EndProject
Project("{FAE04EC0-301F-11D3-BF4B-00C04F79EFBC}") = "GamePlayerSystem.Tests", "tests\GamePlayerSystem.Tests\GamePlayerSystem.Tests.csproj", "{2E7D7437-F880-46F6-9647-746A4FB44390}"
EndProject
Global
	GlobalSection(SolutionConfigurationPlatforms) = preSolution
		Debug|Any CPU = Debug|Any CPU
		Debug|x64 = Debug|x64
		Debug|x86 = Debug|x86
		Release|Any CPU = Release|Any CPU
		Release|x64 = Release|x64
		Release|x86 = Release|x86
	EndGlobalSection
	GlobalSection(ProjectConfigurationPlatforms) = postSolution
		{C35A23DB-7420-464A-97A9-00182A4F0F67}.Debug|Any CPU.ActiveCfg = Debug|Any CPU
		{C35A23DB-7420-464A-97A9-00182A4F0F67}.Debug|Any CPU.Build.0 = Debug|Any CPU
		{C35A23DB-7420-464A-97A9-00182A4F0F67}.Debug|x64.ActiveCfg = Debug|Any CPU
		{C35A23DB-7420-464A-97A9-00182A4F0F67}.Debug|x64.Build.0 = Debug|Any CPU
		{C35A23DB-7420-464A-97A9-00182A4F0F67}.Debug|x86.ActiveCfg = Debug|Any CPU
		{C35A23DB-7420-464A-97A9-00182A4F0F67}.Debug|x86.Build.0 = Debug|Any CPU
		{C35A23DB-7420-464A-97A9-00182A4F0F67}.Release|Any CPU.ActiveCfg = Release|Any CPU
		{C35A23DB-7420-464A-97A9-00182A4F0F67}.Release|Any CPU.Build.0 = Release|Any CPU
		{C35A23DB-7420-464A-97A9-00182A4F0F67}.Release|x64.ActiveCfg = Release|Any CPU
		{C35A23DB-7420-464A-97A9-00182A4F0F67}.Release|x64.Build.0 = Release|Any CPU
		{C35A23DB-7420-464A-97A9-00182A4F0F67}.Release|x86.ActiveCfg = Release|Any CPU
		{C35A23DB-7420-464A-97A9-00182A4F0F67}.Release|x86.Build.0 = Release|Any CPU
		{11E4F8F6-0F72-4D77-B3D2-E9C3ACB3F26E}.Debug|Any CPU.ActiveCfg = Debug|Any CPU
		{11E4F8F6-0F72-4D77-B3D2-E9C3ACB3F26E}.Debug|Any CPU.Build.0 = Debug|Any CPU
		{11E4F8F6-0F72-4D77-B3D2-E9C3ACB3F26E}.Debug|x64.ActiveCfg = Debug|Any CPU
		{11E4F8F6-0F72-4D77-B3D2-E9C3ACB3F26E}.Debug|x64.Build.0 = Debug|Any CPU
		{11E4F8F6-0F72-4D77-B3D2-E9C3ACB3F26E}.Debug|x86.ActiveCfg = Debug|Any CPU
		{11E4F8F6-0F72-4D77-B3D2-E9C3ACB3F26E}.Debug|x86.Build.0 = Debug|Any CPU
		{11E4F8F6-0F72-4D77-B3D2-E9C3ACB3F26E}.Release|Any CPU.ActiveCfg = Release|Any CPU
		{11E4F8F6-0F72-4D77-B3D2-E9C3ACB3F26E}.Release|Any CPU.Build.0 = Release|Any CPU
		{11E4F8F6-0F72-4D77-B3D2-E9C3ACB3F26E}.Release|x64.ActiveCfg = Release|Any CPU
		{11E4F8F6-0F72-4D77-B3D2-E9C3ACB3F26E}.Release|x64.Build.0 = Release|Any CPU
		{11E4F8F6-0F72-4D77-B3D2-E9C3ACB3F26E}.Release|x86.ActiveCfg = Release|Any CPU
		{11E4F8F6-0F72-4D77-B3D2-E9C3ACB3F26E}.Release|x86.Build.0 = Release|Any CPU
		{2E7D7437-F880-46F6-9647-746A4FB44390}.Debug|Any CPU.ActiveCfg = Debug|Any CPU
		{2E7D7437-F880-46F6-9647-746A4FB44390}.Debug|Any CPU.Build.0 = Debug|Any CPU
		{2E7D7437-F880-46F6-9647-746A4FB44390}.Debug|x64.ActiveCfg = Debug|Any CPU
		{2E7D7437-F880-46F6-9647-746A4FB44390}.Debug|x64.Build.0 = Debug|Any CPU
		{2E7D7437-F880-46F6-9647-746A4FB44390}.Debug|x86.ActiveCfg = Debug|Any CPU
		{2E7D7437-F880-46F6-9647-746A4FB44390}.Debug|x86.Build.0 = Debug|Any CPU
		{2E7D7437-F880-46F6-9647-746A4FB44390}.Release|Any CPU.ActiveCfg = Release|Any CPU
		{2E7D7437-F880-46F6-9647-746A4FB44390}.Release|Any CPU.Build.0 = Release|Any CPU
		{2E7D7437-F880-46F6-9647-746A4FB44390}.Release|x64.ActiveCfg = Release|Any CPU
		{2E7D7437-F880-46F6-9647-746A4FB44390}.Release|x64.Build.0 = Release|Any CPU
		{2E7D7437-F880-46F6-9647-746A4FB44390}.Release|x86.ActiveCfg = Release|Any CPU
		{2E7D7437-F880-46F6-9647-746A4FB44390}.Release|x86.Build.0 = Release|Any CPU
	EndGlobalSection
	GlobalSection(SolutionProperties) = preSolution
		HideSolutionNode = FALSE
	EndGlobalSection
	GlobalSection(NestedProjects) = preSolution
		{C35A23DB-7420-464A-97A9-00182A4F0F67} = {827E0CD3-B72D-47B6-A68D-7590B98EB39B}
		{11E4F8F6-0F72-4D77-B3D2-E9C3ACB3F26E} = {827E0CD3-B72D-47B6-A68D-7590B98EB39B}
		{2E7D7437-F880-46F6-9647-746A4FB44390} = {0AB3BF05-4346-4AA6-1389-037BE0695223}
	EndGlobalSection
EndGlobal
